// !$*UTF8*$!
{
	archiveVersion = 1;
	classes = {
	};
	objectVersion = 56;
	objects = {

/* Begin PBXBuildFile section */
		2C60F88B2BD24118007E2E85 /* BounceApp.swift in Sources */ = {isa = PBXBuildFile; fileRef = 2C60F88A2BD24118007E2E85 /* BounceApp.swift */; };
		2C60F88D2BD24118007E2E85 /* ContentView.swift in Sources */ = {isa = PBXBuildFile; fileRef = 2C60F88C2BD24118007E2E85 /* ContentView.swift */; };
		2C60F88F2BD2411A007E2E85 /* Assets.xcassets in Resources */ = {isa = PBXBuildFile; fileRef = 2C60F88E2BD2411A007E2E85 /* Assets.xcassets */; };
		2C60F8922BD2411A007E2E85 /* Preview Assets.xcassets in Resources */ = {isa = PBXBuildFile; fileRef = 2C60F8912BD2411A007E2E85 /* Preview Assets.xcassets */; };
		2C60F89C2BD2411A007E2E85 /* BounceTests.swift in Sources */ = {isa = PBXBuildFile; fileRef = 2C60F89B2BD2411A007E2E85 /* BounceTests.swift */; };
		2C60F8A62BD2411A007E2E85 /* BounceUITests.swift in Sources */ = {isa = PBXBuildFile; fileRef = 2C60F8A52BD2411A007E2E85 /* BounceUITests.swift */; };
		2C60F8A82BD2411A007E2E85 /* BounceUITestsLaunchTests.swift in Sources */ = {isa = PBXBuildFile; fileRef = 2C60F8A72BD2411A007E2E85 /* BounceUITestsLaunchTests.swift */; };
		2C60F8B52BD24144007E2E85 /* EmojiBounce.swift in Sources */ = {isa = PBXBuildFile; fileRef = 2C60F8B42BD24144007E2E85 /* EmojiBounce.swift */; };
		2C60F8B72BD24167007E2E85 /* GameView.swift in Sources */ = {isa = PBXBuildFile; fileRef = 2C60F8B62BD24167007E2E85 /* GameView.swift */; };
/* End PBXBuildFile section */

/* Begin PBXContainerItemProxy section */
		2C60F8982BD2411A007E2E85 /* PBXContainerItemProxy */ = {
			isa = PBXContainerItemProxy;
			containerPortal = 2C60F87F2BD24118007E2E85 /* Project object */;
			proxyType = 1;
			remoteGlobalIDString = 2C60F8862BD24118007E2E85;
			remoteInfo = Bounce;
		};
		2C60F8A22BD2411A007E2E85 /* PBXContainerItemProxy */ = {
			isa = PBXContainerItemProxy;
			containerPortal = 2C60F87F2BD24118007E2E85 /* Project object */;
			proxyType = 1;
			remoteGlobalIDString = 2C60F8862BD24118007E2E85;
			remoteInfo = Bounce;
		};
/* End PBXContainerItemProxy section */

/* Begin PBXFileReference section */
		2C60F8872BD24118007E2E85 /* Bounce.app */ = {isa = PBXFileReference; explicitFileType = wrapper.application; includeInIndex = 0; path = Bounce.app; sourceTree = BUILT_PRODUCTS_DIR; };
		2C60F88A2BD24118007E2E85 /* BounceApp.swift */ = {isa = PBXFileReference; lastKnownFileType = sourcecode.swift; path = BounceApp.swift; sourceTree = "<group>"; };
		2C60F88C2BD24118007E2E85 /* ContentView.swift */ = {isa = PBXFileReference; lastKnownFileType = sourcecode.swift; path = ContentView.swift; sourceTree = "<group>"; };
		2C60F88E2BD2411A007E2E85 /* Assets.xcassets */ = {isa = PBXFileReference; lastKnownFileType = folder.assetcatalog; path = Assets.xcassets; sourceTree = "<group>"; };
		2C60F8912BD2411A007E2E85 /* Preview Assets.xcassets */ = {isa = PBXFileReference; lastKnownFileType = folder.assetcatalog; path = "Preview Assets.xcassets"; sourceTree = "<group>"; };
		2C60F8972BD2411A007E2E85 /* BounceTests.xctest */ = {isa = PBXFileReference; explicitFileType = wrapper.cfbundle; includeInIndex = 0; path = BounceTests.xctest; sourceTree = BUILT_PRODUCTS_DIR; };
		2C60F89B2BD2411A007E2E85 /* BounceTests.swift */ = {isa = PBXFileReference; lastKnownFileType = sourcecode.swift; path = BounceTests.swift; sourceTree = "<group>"; };
		2C60F8A12BD2411A007E2E85 /* BounceUITests.xctest */ = {isa = PBXFileReference; explicitFileType = wrapper.cfbundle; includeInIndex = 0; path = BounceUITests.xctest; sourceTree = BUILT_PRODUCTS_DIR; };
		2C60F8A52BD2411A007E2E85 /* BounceUITests.swift */ = {isa = PBXFileReference; lastKnownFileType = sourcecode.swift; path = BounceUITests.swift; sourceTree = "<group>"; };
		2C60F8A72BD2411A007E2E85 /* BounceUITestsLaunchTests.swift */ = {isa = PBXFileReference; lastKnownFileType = sourcecode.swift; path = BounceUITestsLaunchTests.swift; sourceTree = "<group>"; };
		2C60F8B42BD24144007E2E85 /* EmojiBounce.swift */ = {isa = PBXFileReference; lastKnownFileType = sourcecode.swift; path = EmojiBounce.swift; sourceTree = "<group>"; };
		2C60F8B62BD24167007E2E85 /* GameView.swift */ = {isa = PBXFileReference; lastKnownFileType = sourcecode.swift; path = GameView.swift; sourceTree = "<group>"; };
/* End PBXFileReference section */

/* Begin PBXFrameworksBuildPhase section */
		2C60F8842BD24118007E2E85 /* Frameworks */ = {
			isa = PBXFrameworksBuildPhase;
			buildActionMask = 2147483647;
			files = (
			);
			runOnlyForDeploymentPostprocessing = 0;
		};
		2C60F8942BD2411A007E2E85 /* Frameworks */ = {
			isa = PBXFrameworksBuildPhase;
			buildActionMask = 2147483647;
			files = (
			);
			runOnlyForDeploymentPostprocessing = 0;
		};
		2C60F89E2BD2411A007E2E85 /* Frameworks */ = {
			isa = PBXFrameworksBuildPhase;
			buildActionMask = 2147483647;
			files = (
			);
			runOnlyForDeploymentPostprocessing = 0;
		};
/* End PBXFrameworksBuildPhase section */

/* Begin PBXGroup section */
		2C60F87E2BD24118007E2E85 = {
			isa = PBXGroup;
			children = (
				2C60F8892BD24118007E2E85 /* Bounce */,
				2C60F89A2BD2411A007E2E85 /* BounceTests */,
				2C60F8A42BD2411A007E2E85 /* BounceUITests */,
				2C60F8882BD24118007E2E85 /* Products */,
			);
			sourceTree = "<group>";
		};
		2C60F8882BD24118007E2E85 /* Products */ = {
			isa = PBXGroup;
			children = (
				2C60F8872BD24118007E2E85 /* Bounce.app */,
				2C60F8972BD2411A007E2E85 /* BounceTests.xctest */,
				2C60F8A12BD2411A007E2E85 /* BounceUITests.xctest */,
			);
			name = Products;
			sourceTree = "<group>";
		};
		2C60F8892BD24118007E2E85 /* Bounce */ = {
			isa = PBXGroup;
			children = (
				2C60F88A2BD24118007E2E85 /* BounceApp.swift */,
				2C60F88C2BD24118007E2E85 /* ContentView.swift */,
				2C60F8B62BD24167007E2E85 /* GameView.swift */,
				2C60F8B42BD24144007E2E85 /* EmojiBounce.swift */,
				2C60F88E2BD2411A007E2E85 /* Assets.xcassets */,
				2C60F8902BD2411A007E2E85 /* Preview Content */,
			);
			path = Bounce;
			sourceTree = "<group>";
		};
		2C60F8902BD2411A007E2E85 /* Preview Content */ = {
			isa = PBXGroup;
			children = (
				2C60F8912BD2411A007E2E85 /* Preview Assets.xcassets */,
			);
			path = "Preview Content";
			sourceTree = "<group>";
		};
		2C60F89A2BD2411A007E2E85 /* BounceTests */ = {
			isa = PBXGroup;
			children = (
				2C60F89B2BD2411A007E2E85 /* BounceTests.swift */,
			);
			path = BounceTests;
			sourceTree = "<group>";
		};
		2C60F8A42BD2411A007E2E85 /* BounceUITests */ = {
			isa = PBXGroup;
			children = (
				2C60F8A52BD2411A007E2E85 /* BounceUITests.swift */,
				2C60F8A72BD2411A007E2E85 /* BounceUITestsLaunchTests.swift */,
			);
			path = BounceUITests;
			sourceTree = "<group>";
		};
/* End PBXGroup section */

/* Begin PBXNativeTarget section */
		2C60F8862BD24118007E2E85 /* Bounce */ = {
			isa = PBXNativeTarget;
			buildConfigurationList = 2C60F8AB2BD2411A007E2E85 /* Build configuration list for PBXNativeTarget "Bounce" */;
			buildPhases = (
				2C60F8832BD24118007E2E85 /* Sources */,
				2C60F8842BD24118007E2E85 /* Frameworks */,
				2C60F8852BD24118007E2E85 /* Resources */,
			);
			buildRules = (
			);
			dependencies = (
			);
			name = Bounce;
			productName = Bounce;
			productReference = 2C60F8872BD24118007E2E85 /* Bounce.app */;
			productType = "com.apple.product-type.application";
		};
		2C60F8962BD2411A007E2E85 /* BounceTests */ = {
			isa = PBXNativeTarget;
			buildConfigurationList = 2C60F8AE2BD2411A007E2E85 /* Build configuration list for PBXNativeTarget "BounceTests" */;
			buildPhases = (
				2C60F8932BD2411A007E2E85 /* Sources */,
				2C60F8942BD2411A007E2E85 /* Frameworks */,
				2C60F8952BD2411A007E2E85 /* Resources */,
			);
			buildRules = (
			);
			dependencies = (
				2C60F8992BD2411A007E2E85 /* PBXTargetDependency */,
			);
			name = BounceTests;
			productName = BounceTests;
			productReference = 2C60F8972BD2411A007E2E85 /* BounceTests.xctest */;
			productType = "com.apple.product-type.bundle.unit-test";
		};
		2C60F8A02BD2411A007E2E85 /* BounceUITests */ = {
			isa = PBXNativeTarget;
			buildConfigurationList = 2C60F8B12BD2411A007E2E85 /* Build configuration list for PBXNativeTarget "BounceUITests" */;
			buildPhases = (
				2C60F89D2BD2411A007E2E85 /* Sources */,
				2C60F89E2BD2411A007E2E85 /* Frameworks */,
				2C60F89F2BD2411A007E2E85 /* Resources */,
			);
			buildRules = (
			);
			dependencies = (
				2C60F8A32BD2411A007E2E85 /* PBXTargetDependency */,
			);
			name = BounceUITests;
			productName = BounceUITests;
			productReference = 2C60F8A12BD2411A007E2E85 /* BounceUITests.xctest */;
			productType = "com.apple.product-type.bundle.ui-testing";
		};
/* End PBXNativeTarget section */

/* Begin PBXProject section */
		2C60F87F2BD24118007E2E85 /* Project object */ = {
			isa = PBXProject;
			attributes = {
				BuildIndependentTargetsInParallel = 1;
				LastSwiftUpdateCheck = 1530;
				LastUpgradeCheck = 1530;
				TargetAttributes = {
					2C60F8862BD24118007E2E85 = {
						CreatedOnToolsVersion = 15.3;
					};
					2C60F8962BD2411A007E2E85 = {
						CreatedOnToolsVersion = 15.3;
						TestTargetID = 2C60F8862BD24118007E2E85;
					};
					2C60F8A02BD2411A007E2E85 = {
						CreatedOnToolsVersion = 15.3;
						TestTargetID = 2C60F8862BD24118007E2E85;
					};
				};
			};
			buildConfigurationList = 2C60F8822BD24118007E2E85 /* Build configuration list for PBXProject "Bounce" */;
			compatibilityVersion = "Xcode 14.0";
			developmentRegion = en;
			hasScannedForEncodings = 0;
			knownRegions = (
				en,
				Base,
			);
			mainGroup = 2C60F87E2BD24118007E2E85;
			productRefGroup = 2C60F8882BD24118007E2E85 /* Products */;
			projectDirPath = "";
			projectRoot = "";
			targets = (
				2C60F8862BD24118007E2E85 /* Bounce */,
				2C60F8962BD2411A007E2E85 /* BounceTests */,
				2C60F8A02BD2411A007E2E85 /* BounceUITests */,
			);
		};
/* End PBXProject section */

/* Begin PBXResourcesBuildPhase section */
		2C60F8852BD24118007E2E85 /* Resources */ = {
			isa = PBXResourcesBuildPhase;
			buildActionMask = 2147483647;
			files = (
				2C60F8922BD2411A007E2E85 /* Preview Assets.xcassets in Resources */,
				2C60F88F2BD2411A007E2E85 /* Assets.xcassets in Resources */,
			);
			runOnlyForDeploymentPostprocessing = 0;
		};
		2C60F8952BD2411A007E2E85 /* Resources */ = {
			isa = PBXResourcesBuildPhase;
			buildActionMask = 2147483647;
			files = (
			);
			runOnlyForDeploymentPostprocessing = 0;
		};
		2C60F89F2BD2411A007E2E85 /* Resources */ = {
			isa = PBXResourcesBuildPhase;
			buildActionMask = 2147483647;
			files = (
			);
			runOnlyForDeploymentPostprocessing = 0;
		};
/* End PBXResourcesBuildPhase section */

/* Begin PBXSourcesBuildPhase section */
		2C60F8832BD24118007E2E85 /* Sources */ = {
			isa = PBXSourcesBuildPhase;
			buildActionMask = 2147483647;
			files = (
				2C60F8B52BD24144007E2E85 /* EmojiBounce.swift in Sources */,
				2C60F88D2BD24118007E2E85 /* ContentView.swift in Sources */,
				2C60F8B72BD24167007E2E85 /* GameView.swift in Sources */,
				2C60F88B2BD24118007E2E85 /* BounceApp.swift in Sources */,
			);
			runOnlyForDeploymentPostprocessing = 0;
		};
		2C60F8932BD2411A007E2E85 /* Sources */ = {
			isa = PBXSourcesBuildPhase;
			buildActionMask = 2147483647;
			files = (
				2C60F89C2BD2411A007E2E85 /* BounceTests.swift in Sources */,
			);
			runOnlyForDeploymentPostprocessing = 0;
		};
		2C60F89D2BD2411A007E2E85 /* Sources */ = {
			isa = PBXSourcesBuildPhase;
			buildActionMask = 2147483647;
			files = (
				2C60F8A82BD2411A007E2E85 /* BounceUITestsLaunchTests.swift in Sources */,
				2C60F8A62BD2411A007E2E85 /* BounceUITests.swift in Sources */,
			);
			runOnlyForDeploymentPostprocessing = 0;
		};
/* End PBXSourcesBuildPhase section */

/* Begin PBXTargetDependency section */
		2C60F8992BD2411A007E2E85 /* PBXTargetDependency */ = {
			isa = PBXTargetDependency;
			target = 2C60F8862BD24118007E2E85 /* Bounce */;
			targetProxy = 2C60F8982BD2411A007E2E85 /* PBXContainerItemProxy */;
		};
		2C60F8A32BD2411A007E2E85 /* PBXTargetDependency */ = {
			isa = PBXTargetDependency;
			target = 2C60F8862BD24118007E2E85 /* Bounce */;
			targetProxy = 2C60F8A22BD2411A007E2E85 /* PBXContainerItemProxy */;
		};
/* End PBXTargetDependency section */

/* Begin XCBuildConfiguration section */
		2C60F8A92BD2411A007E2E85 /* Debug */ = {
			isa = XCBuildConfiguration;
			buildSettings = {
				ALWAYS_SEARCH_USER_PATHS = NO;
				ASSETCATALOG_COMPILER_GENERATE_SWIFT_ASSET_SYMBOL_EXTENSIONS = YES;
				CLANG_ANALYZER_NONNULL = YES;
				CLANG_ANALYZER_NUMBER_OBJECT_CONVERSION = YES_AGGRESSIVE;
				CLANG_CXX_LANGUAGE_STANDARD = "gnu++20";
				CLANG_ENABLE_MODULES = YES;
				CLANG_ENABLE_OBJC_ARC = YES;
				CLANG_ENABLE_OBJC_WEAK = YES;
				CLANG_WARN_BLOCK_CAPTURE_AUTORELEASING = YES;
				CLANG_WARN_BOOL_CONVERSION = YES;
				CLANG_WARN_COMMA = YES;
				CLANG_WARN_CONSTANT_CONVERSION = YES;
				CLANG_WARN_DEPRECATED_OBJC_IMPLEMENTATIONS = YES;
				CLANG_WARN_DIRECT_OBJC_ISA_USAGE = YES_ERROR;
				CLANG_WARN_DOCUMENTATION_COMMENTS = YES;
				CLANG_WARN_EMPTY_BODY = YES;
				CLANG_WARN_ENUM_CONVERSION = YES;
				CLANG_WARN_INFINITE_RECURSION = YES;
				CLANG_WARN_INT_CONVERSION = YES;
				CLANG_WARN_NON_LITERAL_NULL_CONVERSION = YES;
				CLANG_WARN_OBJC_IMPLICIT_RETAIN_SELF = YES;
				CLANG_WARN_OBJC_LITERAL_CONVERSION = YES;
				CLANG_WARN_OBJC_ROOT_CLASS = YES_ERROR;
				CLANG_WARN_QUOTED_INCLUDE_IN_FRAMEWORK_HEADER = YES;
				CLANG_WARN_RANGE_LOOP_ANALYSIS = YES;
				CLANG_WARN_STRICT_PROTOTYPES = YES;
				CLANG_WARN_SUSPICIOUS_MOVE = YES;
				CLANG_WARN_UNGUARDED_AVAILABILITY = YES_AGGRESSIVE;
				CLANG_WARN_UNREACHABLE_CODE = YES;
				CLANG_WARN__DUPLICATE_METHOD_MATCH = YES;
				COPY_PHASE_STRIP = NO;
				DEBUG_INFORMATION_FORMAT = dwarf;
				ENABLE_STRICT_OBJC_MSGSEND = YES;
				ENABLE_TESTABILITY = YES;
				ENABLE_USER_SCRIPT_SANDBOXING = YES;
				GCC_C_LANGUAGE_STANDARD = gnu17;
				GCC_DYNAMIC_NO_PIC = NO;
				GCC_NO_COMMON_BLOCKS = YES;
				GCC_OPTIMIZATION_LEVEL = 0;
				GCC_PREPROCESSOR_DEFINITIONS = (
					"DEBUG=1",
					"$(inherited)",
				);
				GCC_WARN_64_TO_32_BIT_CONVERSION = YES;
				GCC_WARN_ABOUT_RETURN_TYPE = YES_ERROR;
				GCC_WARN_UNDECLARED_SELECTOR = YES;
				GCC_WARN_UNINITIALIZED_AUTOS = YES_AGGRESSIVE;
				GCC_WARN_UNUSED_FUNCTION = YES;
				GCC_WARN_UNUSED_VARIABLE = YES;
				IPHONEOS_DEPLOYMENT_TARGET = 17.4;
				LOCALIZATION_PREFERS_STRING_CATALOGS = YES;
				MTL_ENABLE_DEBUG_INFO = INCLUDE_SOURCE;
				MTL_FAST_MATH = YES;
				ONLY_ACTIVE_ARCH = YES;
				SDKROOT = iphoneos;
				SWIFT_ACTIVE_COMPILATION_CONDITIONS = "DEBUG $(inherited)";
				SWIFT_OPTIMIZATION_LEVEL = "-Onone";
			};
			name = Debug;
		};
		2C60F8AA2BD2411A007E2E85 /* Release */ = {
			isa = XCBuildConfiguration;
			buildSettings = {
				ALWAYS_SEARCH_USER_PATHS = NO;
				ASSETCATALOG_COMPILER_GENERATE_SWIFT_ASSET_SYMBOL_EXTENSIONS = YES;
				CLANG_ANALYZER_NONNULL = YES;
				CLANG_ANALYZER_NUMBER_OBJECT_CONVERSION = YES_AGGRESSIVE;
				CLANG_CXX_LANGUAGE_STANDARD = "gnu++20";
				CLANG_ENABLE_MODULES = YES;
				CLANG_ENABLE_OBJC_ARC = YES;
				CLANG_ENABLE_OBJC_WEAK = YES;
				CLANG_WARN_BLOCK_CAPTURE_AUTORELEASING = YES;
				CLANG_WARN_BOOL_CONVERSION = YES;
				CLANG_WARN_COMMA = YES;
				CLANG_WARN_CONSTANT_CONVERSION = YES;
				CLANG_WARN_DEPRECATED_OBJC_IMPLEMENTATIONS = YES;
				CLANG_WARN_DIRECT_OBJC_ISA_USAGE = YES_ERROR;
				CLANG_WARN_DOCUMENTATION_COMMENTS = YES;
				CLANG_WARN_EMPTY_BODY = YES;
				CLANG_WARN_ENUM_CONVERSION = YES;
				CLANG_WARN_INFINITE_RECURSION = YES;
				CLANG_WARN_INT_CONVERSION = YES;
				CLANG_WARN_NON_LITERAL_NULL_CONVERSION = YES;
				CLANG_WARN_OBJC_IMPLICIT_RETAIN_SELF = YES;
				CLANG_WARN_OBJC_LITERAL_CONVERSION = YES;
				CLANG_WARN_OBJC_ROOT_CLASS = YES_ERROR;
				CLANG_WARN_QUOTED_INCLUDE_IN_FRAMEWORK_HEADER = YES;
				CLANG_WARN_RANGE_LOOP_ANALYSIS = YES;
				CLANG_WARN_STRICT_PROTOTYPES = YES;
				CLANG_WARN_SUSPICIOUS_MOVE = YES;
				CLANG_WARN_UNGUARDED_AVAILABILITY = YES_AGGRESSIVE;
				CLANG_WARN_UNREACHABLE_CODE = YES;
				CLANG_WARN__DUPLICATE_METHOD_MATCH = YES;
				COPY_PHASE_STRIP = NO;
				DEBUG_INFORMATION_FORMAT = "dwarf-with-dsym";
				ENABLE_NS_ASSERTIONS = NO;
				ENABLE_STRICT_OBJC_MSGSEND = YES;
				ENABLE_USER_SCRIPT_SANDBOXING = YES;
				GCC_C_LANGUAGE_STANDARD = gnu17;
				GCC_NO_COMMON_BLOCKS = YES;
				GCC_WARN_64_TO_32_BIT_CONVERSION = YES;
				GCC_WARN_ABOUT_RETURN_TYPE = YES_ERROR;
				GCC_WARN_UNDECLARED_SELECTOR = YES;
				GCC_WARN_UNINITIALIZED_AUTOS = YES_AGGRESSIVE;
				GCC_WARN_UNUSED_FUNCTION = YES;
				GCC_WARN_UNUSED_VARIABLE = YES;
				IPHONEOS_DEPLOYMENT_TARGET = 17.4;
				LOCALIZATION_PREFERS_STRING_CATALOGS = YES;
				MTL_ENABLE_DEBUG_INFO = NO;
				MTL_FAST_MATH = YES;
				SDKROOT = iphoneos;
				SWIFT_COMPILATION_MODE = wholemodule;
				VALIDATE_PRODUCT = YES;
			};
			name = Release;
		};
		2C60F8AC2BD2411A007E2E85 /* Debug */ = {
			isa = XCBuildConfiguration;
			buildSettings = {
				ASSETCATALOG_COMPILER_APPICON_NAME = AppIcon;
				ASSETCATALOG_COMPILER_GLOBAL_ACCENT_COLOR_NAME = AccentColor;
				CODE_SIGN_STYLE = Automatic;
				CURRENT_PROJECT_VERSION = 1;
				DEVELOPMENT_ASSET_PATHS = "\"Bounce/Preview Content\"";
				ENABLE_PREVIEWS = YES;
				GENERATE_INFOPLIST_FILE = YES;
				INFOPLIST_KEY_UIApplicationSceneManifest_Generation = YES;
				INFOPLIST_KEY_UIApplicationSupportsIndirectInputEvents = YES;
				INFOPLIST_KEY_UILaunchScreen_Generation = YES;
				INFOPLIST_KEY_UISupportedInterfaceOrientations_iPad = "UIInterfaceOrientationPortrait UIInterfaceOrientationPortraitUpsideDown UIInterfaceOrientationLandscapeLeft UIInterfaceOrientationLandscapeRight";
				INFOPLIST_KEY_UISupportedInterfaceOrientations_iPhone = "UIInterfaceOrientationPortrait UIInterfaceOrientationLandscapeLeft UIInterfaceOrientationLandscapeRight";
				LD_RUNPATH_SEARCH_PATHS = (
					"$(inherited)",
					"@executable_path/Frameworks",
				);
				MARKETING_VERSION = 1.0;
				PRODUCT_BUNDLE_IDENTIFIER = wce.Bounce;
				PRODUCT_NAME = "$(TARGET_NAME)";
				SWIFT_EMIT_LOC_STRINGS = YES;
				SWIFT_VERSION = 5.0;
				TARGETED_DEVICE_FAMILY = "1,2";
			};
			name = Debug;
		};
		2C60F8AD2BD2411A007E2E85 /* Release */ = {
			isa = XCBuildConfiguration;
			buildSettings = {
				ASSETCATALOG_COMPILER_APPICON_NAME = AppIcon;
				ASSETCATALOG_COMPILER_GLOBAL_ACCENT_COLOR_NAME = AccentColor;
				CODE_SIGN_STYLE = Automatic;
				CURRENT_PROJECT_VERSION = 1;
				DEVELOPMENT_ASSET_PATHS = "\"Bounce/Preview Content\"";
				ENABLE_PREVIEWS = YES;
				GENERATE_INFOPLIST_FILE = YES;
				INFOPLIST_KEY_UIApplicationSceneManifest_Generation = YES;
				INFOPLIST_KEY_UIApplicationSupportsIndirectInputEvents = YES;
				INFOPLIST_KEY_UILaunchScreen_Generation = YES;
				INFOPLIST_KEY_UISupportedInterfaceOrientations_iPad = "UIInterfaceOrientationPortrait UIInterfaceOrientationPortraitUpsideDown UIInterfaceOrientationLandscapeLeft UIInterfaceOrientationLandscapeRight";
				INFOPLIST_KEY_UISupportedInterfaceOrientations_iPhone = "UIInterfaceOrientationPortrait UIInterfaceOrientationLandscapeLeft UIInterfaceOrientationLandscapeRight";
				LD_RUNPATH_SEARCH_PATHS = (
					"$(inherited)",
					"@executable_path/Frameworks",
				);
				MARKETING_VERSION = 1.0;
				PRODUCT_BUNDLE_IDENTIFIER = wce.Bounce;
				PRODUCT_NAME = "$(TARGET_NAME)";
				SWIFT_EMIT_LOC_STRINGS = YES;
				SWIFT_VERSION = 5.0;
				TARGETED_DEVICE_FAMILY = "1,2";
			};
			name = Release;
		};
		2C60F8AF2BD2411A007E2E85 /* Debug */ = {
			isa = XCBuildConfiguration;
			buildSettings = {
				ALWAYS_EMBED_SWIFT_STANDARD_LIBRARIES = YES;
				BUNDLE_LOADER = "$(TEST_HOST)";
				CODE_SIGN_STYLE = Automatic;
				CURRENT_PROJECT_VERSION = 1;
				GENERATE_INFOPLIST_FILE = YES;
				IPHONEOS_DEPLOYMENT_TARGET = 17.4;
				MARKETING_VERSION = 1.0;
				PRODUCT_BUNDLE_IDENTIFIER = wce.BounceTests;
				PRODUCT_NAME = "$(TARGET_NAME)";
				SWIFT_EMIT_LOC_STRINGS = NO;
				SWIFT_VERSION = 5.0;
				TARGETED_DEVICE_FAMILY = "1,2";
				TEST_HOST = "$(BUILT_PRODUCTS_DIR)/Bounce.app/$(BUNDLE_EXECUTABLE_FOLDER_PATH)/Bounce";
			};
			name = Debug;
		};
		2C60F8B02BD2411A007E2E85 /* Release */ = {
			isa = XCBuildConfiguration;
			buildSettings = {
				ALWAYS_EMBED_SWIFT_STANDARD_LIBRARIES = YES;
				BUNDLE_LOADER = "$(TEST_HOST)";
				CODE_SIGN_STYLE = Automatic;
				CURRENT_PROJECT_VERSION = 1;
				GENERATE_INFOPLIST_FILE = YES;
				IPHONEOS_DEPLOYMENT_TARGET = 17.4;
				MARKETING_VERSION = 1.0;
				PRODUCT_BUNDLE_IDENTIFIER = wce.BounceTests;
				PRODUCT_NAME = "$(TARGET_NAME)";
				SWIFT_EMIT_LOC_STRINGS = NO;
				SWIFT_VERSION = 5.0;
				TARGETED_DEVICE_FAMILY = "1,2";
				TEST_HOST = "$(BUILT_PRODUCTS_DIR)/Bounce.app/$(BUNDLE_EXECUTABLE_FOLDER_PATH)/Bounce";
			};
			name = Release;
		};
		2C60F8B22BD2411A007E2E85 /* Debug */ = {
			isa = XCBuildConfiguration;
			buildSettings = {
				ALWAYS_EMBED_SWIFT_STANDARD_LIBRARIES = YES;
				CODE_SIGN_STYLE = Automatic;
				CURRENT_PROJECT_VERSION = 1;
				GENERATE_INFOPLIST_FILE = YES;
				MARKETING_VERSION = 1.0;
				PRODUCT_BUNDLE_IDENTIFIER = wce.BounceUITests;
				PRODUCT_NAME = "$(TARGET_NAME)";
				SWIFT_EMIT_LOC_STRINGS = NO;
				SWIFT_VERSION = 5.0;
				TARGETED_DEVICE_FAMILY = "1,2";
				TEST_TARGET_NAME = Bounce;
			};
			name = Debug;
		};
		2C60F8B32BD2411A007E2E85 /* Release */ = {
			isa = XCBuildConfiguration;
			buildSettings = {
				ALWAYS_EMBED_SWIFT_STANDARD_LIBRARIES = YES;
				CODE_SIGN_STYLE = Automatic;
				CURRENT_PROJECT_VERSION = 1;
				GENERATE_INFOPLIST_FILE = YES;
				MARKETING_VERSION = 1.0;
				PRODUCT_BUNDLE_IDENTIFIER = wce.BounceUITests;
				PRODUCT_NAME = "$(TARGET_NAME)";
				SWIFT_EMIT_LOC_STRINGS = NO;
				SWIFT_VERSION = 5.0;
				TARGETED_DEVICE_FAMILY = "1,2";
				TEST_TARGET_NAME = Bounce;
			};
			name = Release;
		};
/* End XCBuildConfiguration section */

/* Begin XCConfigurationList section */
		2C60F8822BD24118007E2E85 /* Build configuration list for PBXProject "Bounce" */ = {
			isa = XCConfigurationList;
			buildConfigurations = (
				2C60F8A92BD2411A007E2E85 /* Debug */,
				2C60F8AA2BD2411A007E2E85 /* Release */,
			);
			defaultConfigurationIsVisible = 0;
			defaultConfigurationName = Release;
		};
		2C60F8AB2BD2411A007E2E85 /* Build configuration list for PBXNativeTarget "Bounce" */ = {
			isa = XCConfigurationList;
			buildConfigurations = (
				2C60F8AC2BD2411A007E2E85 /* Debug */,
				2C60F8AD2BD2411A007E2E85 /* Release */,
			);
			defaultConfigurationIsVisible = 0;
			defaultConfigurationName = Release;
		};
		2C60F8AE2BD2411A007E2E85 /* Build configuration list for PBXNativeTarget "BounceTests" */ = {
			isa = XCConfigurationList;
			buildConfigurations = (
				2C60F8AF2BD2411A007E2E85 /* Debug */,
				2C60F8B02BD2411A007E2E85 /* Release */,
			);
			defaultConfigurationIsVisible = 0;
			defaultConfigurationName = Release;
		};
		2C60F8B12BD2411A007E2E85 /* Build configuration list for PBXNativeTarget "BounceUITests" */ = {
			isa = XCConfigurationList;
			buildConfigurations = (
				2C60F8B22BD2411A007E2E85 /* Debug */,
				2C60F8B32BD2411A007E2E85 /* Release */,
			);
			defaultConfigurationIsVisible = 0;
			defaultConfigurationName = Release;
		};
/* End XCConfigurationList section */
	};
	rootObject = 2C60F87F2BD24118007E2E85 /* Project object */;
}
